
Microsoft Visual Studio Solution File, Format Version 12.00
# Visual Studio Version 16
VisualStudioVersion = 16.0.34729.46
MinimumVisualStudioVersion = 10.0.40219.1
Project("{8BC9CEB8-8B4A-11D0-8D11-00A0C91BC942}") = "34.DynamicAllocation", "34.DynamicAllocation\34.DynamicAllocation.vcxproj", "{2D31FD2C-4479-459B-AFFA-02FEE54FEC80}"
EndProject
Global
	GlobalSection(SolutionConfigurationPlatforms) = preSolution
		Debug|x64 = Debug|x64
		Debug|x86 = Debug|x86
		Release|x64 = Release|x64
		Release|x86 = Release|x86
	EndGlobalSection
	GlobalSection(ProjectConfigurationPlatforms) = postSolution
		{2D31FD2C-4479-459B-AFFA-02FEE54FEC80}.Debug|x64.ActiveCfg = Debug|x64
		{2D31FD2C-4479-459B-AFFA-02FEE54FEC80}.Debug|x64.Build.0 = Debug|x64
		{2D31FD2C-4479-459B-AFFA-02FEE54FEC80}.Debug|x86.ActiveCfg = Debug|Win32
		{2D31FD2C-4479-459B-AFFA-02FEE54FEC80}.Debug|x86.Build.0 = Debug|Win32
		{2D31FD2C-4479-459B-AFFA-02FEE54FEC80}.Release|x64.ActiveCfg = Release|x64
		{2D31FD2C-4479-459B-AFFA-02FEE54FEC80}.Release|x64.Build.0 = Release|x64
		{2D31FD2C-4479-459B-AFFA-02FEE54FEC80}.Release|x86.ActiveCfg = Release|Win32
		{2D31FD2C-4479-459B-AFFA-02FEE54FEC80}.Release|x86.Build.0 = Release|Win32
	EndGlobalSection
	GlobalSection(SolutionProperties) = preSolution
		HideSolutionNode = FALSE
	EndGlobalSection
	GlobalSection(ExtensibilityGlobals) = postSolution
		SolutionGuid = {75A87E32-A4E7-4EA0-9CFD-2845A8AAB0C5}
	EndGlobalSection
EndGlobal
