
Microsoft Visual Studio Solution File, Format Version 12.00
# Visual Studio Version 16
VisualStudioVersion = 16.0.34729.46
MinimumVisualStudioVersion = 10.0.40219.1
Project("{8BC9CEB8-8B4A-11D0-8D11-00A0C91BC942}") = "4.ASCIICode", "4.ASCIICode\4.ASCIICode.vcxproj", "{822F6103-1605-4403-97C2-96DD9F338453}"
EndProject
Global
	GlobalSection(SolutionConfigurationPlatforms) = preSolution
		Debug|x64 = Debug|x64
		Debug|x86 = Debug|x86
		Release|x64 = Release|x64
		Release|x86 = Release|x86
	EndGlobalSection
	GlobalSection(ProjectConfigurationPlatforms) = postSolution
		{822F6103-1605-4403-97C2-96DD9F338453}.Debug|x64.ActiveCfg = Debug|x64
		{822F6103-1605-4403-97C2-96DD9F338453}.Debug|x64.Build.0 = Debug|x64
		{822F6103-1605-4403-97C2-96DD9F338453}.Debug|x86.ActiveCfg = Debug|Win32
		{822F6103-1605-4403-97C2-96DD9F338453}.Debug|x86.Build.0 = Debug|Win32
		{822F6103-1605-4403-97C2-96DD9F338453}.Release|x64.ActiveCfg = Release|x64
		{822F6103-1605-4403-97C2-96DD9F338453}.Release|x64.Build.0 = Release|x64
		{822F6103-1605-4403-97C2-96DD9F338453}.Release|x86.ActiveCfg = Release|Win32
		{822F6103-1605-4403-97C2-96DD9F338453}.Release|x86.Build.0 = Release|Win32
	EndGlobalSection
	GlobalSection(SolutionProperties) = preSolution
		HideSolutionNode = FALSE
	EndGlobalSection
	GlobalSection(ExtensibilityGlobals) = postSolution
		SolutionGuid = {28D4E6C1-CB66-460C-9C0F-779290F39E55}
	EndGlobalSection
EndGlobal
