
Microsoft Visual Studio Solution File, Format Version 12.00
# Visual Studio Version 16
VisualStudioVersion = 16.0.34729.46
MinimumVisualStudioVersion = 10.0.40219.1
Project("{8BC9CEB8-8B4A-11D0-8D11-00A0C91BC942}") = "35.variableArrat", "35.variableArrat\35.variableArrat.vcxproj", "{7F3377E0-1E3E-4117-91F1-7E48F289901F}"
EndProject
Global
	GlobalSection(SolutionConfigurationPlatforms) = preSolution
		Debug|x64 = Debug|x64
		Debug|x86 = Debug|x86
		Release|x64 = Release|x64
		Release|x86 = Release|x86
	EndGlobalSection
	GlobalSection(ProjectConfigurationPlatforms) = postSolution
		{7F3377E0-1E3E-4117-91F1-7E48F289901F}.Debug|x64.ActiveCfg = Debug|x64
		{7F3377E0-1E3E-4117-91F1-7E48F289901F}.Debug|x64.Build.0 = Debug|x64
		{7F3377E0-1E3E-4117-91F1-7E48F289901F}.Debug|x86.ActiveCfg = Debug|Win32
		{7F3377E0-1E3E-4117-91F1-7E48F289901F}.Debug|x86.Build.0 = Debug|Win32
		{7F3377E0-1E3E-4117-91F1-7E48F289901F}.Release|x64.ActiveCfg = Release|x64
		{7F3377E0-1E3E-4117-91F1-7E48F289901F}.Release|x64.Build.0 = Release|x64
		{7F3377E0-1E3E-4117-91F1-7E48F289901F}.Release|x86.ActiveCfg = Release|Win32
		{7F3377E0-1E3E-4117-91F1-7E48F289901F}.Release|x86.Build.0 = Release|Win32
	EndGlobalSection
	GlobalSection(SolutionProperties) = preSolution
		HideSolutionNode = FALSE
	EndGlobalSection
	GlobalSection(ExtensibilityGlobals) = postSolution
		SolutionGuid = {D66D68AC-3262-4D08-A00D-63B2670C1D56}
	EndGlobalSection
EndGlobal
