
Microsoft Visual Studio Solution File, Format Version 12.00
# Visual Studio Version 16
VisualStudioVersion = 16.0.34729.46
MinimumVisualStudioVersion = 10.0.40219.1
Project("{8BC9CEB8-8B4A-11D0-8D11-00A0C91BC942}") = "8.Binaryo,Decimal,Hexadecimal", "8.Binaryo,Decimal,Hexadecimal\8.Binaryo,Decimal,Hexadecimal.vcxproj", "{E27335AF-6DEA-4508-8CDF-F0236A417813}"
EndProject
Global
	GlobalSection(SolutionConfigurationPlatforms) = preSolution
		Debug|x64 = Debug|x64
		Debug|x86 = Debug|x86
		Release|x64 = Release|x64
		Release|x86 = Release|x86
	EndGlobalSection
	GlobalSection(ProjectConfigurationPlatforms) = postSolution
		{E27335AF-6DEA-4508-8CDF-F0236A417813}.Debug|x64.ActiveCfg = Debug|x64
		{E27335AF-6DEA-4508-8CDF-F0236A417813}.Debug|x64.Build.0 = Debug|x64
		{E27335AF-6DEA-4508-8CDF-F0236A417813}.Debug|x86.ActiveCfg = Debug|Win32
		{E27335AF-6DEA-4508-8CDF-F0236A417813}.Debug|x86.Build.0 = Debug|Win32
		{E27335AF-6DEA-4508-8CDF-F0236A417813}.Release|x64.ActiveCfg = Release|x64
		{E27335AF-6DEA-4508-8CDF-F0236A417813}.Release|x64.Build.0 = Release|x64
		{E27335AF-6DEA-4508-8CDF-F0236A417813}.Release|x86.ActiveCfg = Release|Win32
		{E27335AF-6DEA-4508-8CDF-F0236A417813}.Release|x86.Build.0 = Release|Win32
	EndGlobalSection
	GlobalSection(SolutionProperties) = preSolution
		HideSolutionNode = FALSE
	EndGlobalSection
	GlobalSection(ExtensibilityGlobals) = postSolution
		SolutionGuid = {6B1FCB8F-EE02-44A3-B282-7A262CE8711E}
	EndGlobalSection
EndGlobal
