
Microsoft Visual Studio Solution File, Format Version 12.00
# Visual Studio Version 16
VisualStudioVersion = 16.0.34729.46
MinimumVisualStudioVersion = 10.0.40219.1
Project("{8BC9CEB8-8B4A-11D0-8D11-00A0C91BC942}") = "36.FunctionPointer", "36.FunctionPointer\36.FunctionPointer.vcxproj", "{8C582F9A-FF64-4A88-8CC2-F15E06FC9721}"
EndProject
Global
	GlobalSection(SolutionConfigurationPlatforms) = preSolution
		Debug|x64 = Debug|x64
		Debug|x86 = Debug|x86
		Release|x64 = Release|x64
		Release|x86 = Release|x86
	EndGlobalSection
	GlobalSection(ProjectConfigurationPlatforms) = postSolution
		{8C582F9A-FF64-4A88-8CC2-F15E06FC9721}.Debug|x64.ActiveCfg = Debug|x64
		{8C582F9A-FF64-4A88-8CC2-F15E06FC9721}.Debug|x64.Build.0 = Debug|x64
		{8C582F9A-FF64-4A88-8CC2-F15E06FC9721}.Debug|x86.ActiveCfg = Debug|Win32
		{8C582F9A-FF64-4A88-8CC2-F15E06FC9721}.Debug|x86.Build.0 = Debug|Win32
		{8C582F9A-FF64-4A88-8CC2-F15E06FC9721}.Release|x64.ActiveCfg = Release|x64
		{8C582F9A-FF64-4A88-8CC2-F15E06FC9721}.Release|x64.Build.0 = Release|x64
		{8C582F9A-FF64-4A88-8CC2-F15E06FC9721}.Release|x86.ActiveCfg = Release|Win32
		{8C582F9A-FF64-4A88-8CC2-F15E06FC9721}.Release|x86.Build.0 = Release|Win32
	EndGlobalSection
	GlobalSection(SolutionProperties) = preSolution
		HideSolutionNode = FALSE
	EndGlobalSection
	GlobalSection(ExtensibilityGlobals) = postSolution
		SolutionGuid = {C3703F93-3FAE-4734-B9F7-325440D13A11}
	EndGlobalSection
EndGlobal
